
Microsoft Visual Studio Solution File, Format Version 12.00
Project("{FAE04EC0-301F-11D3-BF4B-00C04F79EFBC}") = "Admission.API", "Admission.API\Admission.API.csproj", "{157BCA55-9928-456E-9FF3-71EEBF5B89E4}"
EndProject
Project("{FAE04EC0-301F-11D3-BF4B-00C04F79EFBC}") = "Admission.Application", "Admission.Application\Admission.Application.csproj", "{87B7B92D-E147-490F-B648-D4B39003367E}"
EndProject
Project("{FAE04EC0-301F-11D3-BF4B-00C04F79EFBC}") = "Admission.Domain", "Admission.Domain\Admission.Domain.csproj", "{5752B489-9A20-40FF-8935-D3DF039856A9}"
EndProject
Project("{FAE04EC0-301F-11D3-BF4B-00C04F79EFBC}") = "Admission.Infrastructure", "Admission.Infrastructure\Admission.Infrastructure.csproj", "{0436D98C-BB93-4BD4-B8A1-15F02DA19D9A}"
EndProject
Project("{FAE04EC0-301F-11D3-BF4B-00C04F79EFBC}") = "Admission.User.API", "Admission.User.API\Admission.User.API.csproj", "{54EAB484-B4C9-47F0-BAB7-0DDC313DCBD5}"
EndProject
Project("{FAE04EC0-301F-11D3-BF4B-00C04F79EFBC}") = "Admission.Document.API", "Admission.Document.API\Admission.Document.API.csproj", "{E19D6C0A-FC85-4B94-9B00-A77256702B04}"
EndProject
Project("{FAE04EC0-301F-11D3-BF4B-00C04F79EFBC}") = "Admission.Dictionary.API", "Admission.Dictionary.API\Admission.Dictionary.API.csproj", "{18BDFC1A-383D-4AEE-B514-0A734120ECEF}"
EndProject
Project("{2150E333-8FDC-42A3-9474-1A3956D46DE8}") = "AdmissionService", "AdmissionService", "{6CE5F161-ACFE-41F6-8FD6-302B7AAEEA87}"
EndProject
Project("{2150E333-8FDC-42A3-9474-1A3956D46DE8}") = "UserService", "UserService", "{B64FB69F-72EE-413C-BB81-28B77384CA8D}"
EndProject
Project("{2150E333-8FDC-42A3-9474-1A3956D46DE8}") = "DictionaryService", "DictionaryService", "{F8740A03-A6C4-490B-AC6D-16411C07E890}"
EndProject
Project("{2150E333-8FDC-42A3-9474-1A3956D46DE8}") = "DocumentService", "DocumentService", "{6480E6C2-BB75-4832-8680-36BC3BB0AE92}"
EndProject
Project("{2150E333-8FDC-42A3-9474-1A3956D46DE8}") = "NotificationService", "NotificationService", "{BE66B19B-3994-4030-8F5E-B51C9B181D2D}"
EndProject
Project("{FAE04EC0-301F-11D3-BF4B-00C04F79EFBC}") = "Admission.Notification.API", "Admission.Notification.API\Admission.Notification.API.csproj", "{DA469647-CE5E-432C-A670-A5D82D471BC6}"
EndProject
Project("{FAE04EC0-301F-11D3-BF4B-00C04F79EFBC}") = "Admission.Dictionary.Application", "Admission.Dictionary.Application\Admission.Dictionary.Application.csproj", "{3938C30C-3A24-42BF-8FCE-8DA369F6A8C4}"
EndProject
Project("{FAE04EC0-301F-11D3-BF4B-00C04F79EFBC}") = "Admission.Dictionary.Domain", "Admission.Dictionary.Domain\Admission.Dictionary.Domain.csproj", "{B188DE09-52F4-48F5-B21A-706C99073C3E}"
EndProject
Project("{FAE04EC0-301F-11D3-BF4B-00C04F79EFBC}") = "Admission.Dictionary.Infrastructure", "Admission.Dictionary.Infrastructure\Admission.Dictionary.Infrastructure.csproj", "{EA4A0309-3D4A-46B5-BB9B-C73ACA4848E6}"
EndProject
Project("{FAE04EC0-301F-11D3-BF4B-00C04F79EFBC}") = "Admission.Document.Application", "Admission.Document.Application\Admission.Document.Application.csproj", "{0BEECE66-00F8-4DB9-A30C-FC3A801391EF}"
EndProject
Project("{FAE04EC0-301F-11D3-BF4B-00C04F79EFBC}") = "Admission.Document.Domain", "Admission.Document.Domain\Admission.Document.Domain.csproj", "{387E4E95-2028-498B-80B2-D129854D0FD1}"
EndProject
Project("{FAE04EC0-301F-11D3-BF4B-00C04F79EFBC}") = "Admission.Document.Infrastructure", "Admission.Document.Infrastructure\Admission.Document.Infrastructure.csproj", "{250120A2-EE9C-4981-8EDA-583859DD25ED}"
EndProject
Project("{FAE04EC0-301F-11D3-BF4B-00C04F79EFBC}") = "Admission.Notification.Infrastructure", "Admission.Notification.Infrastructure\Admission.Notification.Infrastructure.csproj", "{404BF226-7306-4B67-9FB9-271D4834DCE1}"
EndProject
Project("{FAE04EC0-301F-11D3-BF4B-00C04F79EFBC}") = "Admission.Notification.Domain", "Admission.Notification.Domain\Admission.Notification.Domain.csproj", "{3B3BA0DE-D759-45A5-9E83-FE72F9768523}"
EndProject
Project("{FAE04EC0-301F-11D3-BF4B-00C04F79EFBC}") = "Admission.Notification.Application", "Admission.Notification.Application\Admission.Notification.Application.csproj", "{0CD8E74A-8B18-4D89-B038-B51920F15529}"
EndProject
Project("{FAE04EC0-301F-11D3-BF4B-00C04F79EFBC}") = "Admission.User.Infrastructure", "Admission.User.Infrastructure\Admission.User.Infrastructure.csproj", "{515C5B61-0AEE-4DED-8FE5-9BD9FF55EAC6}"
EndProject
Project("{FAE04EC0-301F-11D3-BF4B-00C04F79EFBC}") = "Admission.User.Domain", "Admission.User.Domain\Admission.User.Domain.csproj", "{8C1D7D0C-4319-4594-B9CB-1AB6E27AF82C}"
EndProject
Project("{FAE04EC0-301F-11D3-BF4B-00C04F79EFBC}") = "Admission.User.Application", "Admission.User.Application\Admission.User.Application.csproj", "{5E5F2126-0AD5-4A02-9B53-3060508C2F50}"
EndProject
Project("{2150E333-8FDC-42A3-9474-1A3956D46DE8}") = "Common", "Common", "{4B129756-7853-42D7-8187-90A449151994}"
EndProject
Project("{FAE04EC0-301F-11D3-BF4B-00C04F79EFBC}") = "Admission.Common", "Admission.Common\Admission.Common.csproj", "{795D2330-CA8B-4A8F-8E12-70417CDA9B3E}"
EndProject
Global
	GlobalSection(SolutionConfigurationPlatforms) = preSolution
		Debug|Any CPU = Debug|Any CPU
		Release|Any CPU = Release|Any CPU
	EndGlobalSection
	GlobalSection(ProjectConfigurationPlatforms) = postSolution
		{157BCA55-9928-456E-9FF3-71EEBF5B89E4}.Debug|Any CPU.ActiveCfg = Debug|Any CPU
		{157BCA55-9928-456E-9FF3-71EEBF5B89E4}.Debug|Any CPU.Build.0 = Debug|Any CPU
		{157BCA55-9928-456E-9FF3-71EEBF5B89E4}.Release|Any CPU.ActiveCfg = Release|Any CPU
		{157BCA55-9928-456E-9FF3-71EEBF5B89E4}.Release|Any CPU.Build.0 = Release|Any CPU
		{87B7B92D-E147-490F-B648-D4B39003367E}.Debug|Any CPU.ActiveCfg = Debug|Any CPU
		{87B7B92D-E147-490F-B648-D4B39003367E}.Debug|Any CPU.Build.0 = Debug|Any CPU
		{87B7B92D-E147-490F-B648-D4B39003367E}.Release|Any CPU.ActiveCfg = Release|Any CPU
		{87B7B92D-E147-490F-B648-D4B39003367E}.Release|Any CPU.Build.0 = Release|Any CPU
		{5752B489-9A20-40FF-8935-D3DF039856A9}.Debug|Any CPU.ActiveCfg = Debug|Any CPU
		{5752B489-9A20-40FF-8935-D3DF039856A9}.Debug|Any CPU.Build.0 = Debug|Any CPU
		{5752B489-9A20-40FF-8935-D3DF039856A9}.Release|Any CPU.ActiveCfg = Release|Any CPU
		{5752B489-9A20-40FF-8935-D3DF039856A9}.Release|Any CPU.Build.0 = Release|Any CPU
		{0436D98C-BB93-4BD4-B8A1-15F02DA19D9A}.Debug|Any CPU.ActiveCfg = Debug|Any CPU
		{0436D98C-BB93-4BD4-B8A1-15F02DA19D9A}.Debug|Any CPU.Build.0 = Debug|Any CPU
		{0436D98C-BB93-4BD4-B8A1-15F02DA19D9A}.Release|Any CPU.ActiveCfg = Release|Any CPU
		{0436D98C-BB93-4BD4-B8A1-15F02DA19D9A}.Release|Any CPU.Build.0 = Release|Any CPU
		{54EAB484-B4C9-47F0-BAB7-0DDC313DCBD5}.Debug|Any CPU.ActiveCfg = Debug|Any CPU
		{54EAB484-B4C9-47F0-BAB7-0DDC313DCBD5}.Debug|Any CPU.Build.0 = Debug|Any CPU
		{54EAB484-B4C9-47F0-BAB7-0DDC313DCBD5}.Release|Any CPU.ActiveCfg = Release|Any CPU
		{54EAB484-B4C9-47F0-BAB7-0DDC313DCBD5}.Release|Any CPU.Build.0 = Release|Any CPU
		{E19D6C0A-FC85-4B94-9B00-A77256702B04}.Debug|Any CPU.ActiveCfg = Debug|Any CPU
		{E19D6C0A-FC85-4B94-9B00-A77256702B04}.Debug|Any CPU.Build.0 = Debug|Any CPU
		{E19D6C0A-FC85-4B94-9B00-A77256702B04}.Release|Any CPU.ActiveCfg = Release|Any CPU
		{E19D6C0A-FC85-4B94-9B00-A77256702B04}.Release|Any CPU.Build.0 = Release|Any CPU
		{18BDFC1A-383D-4AEE-B514-0A734120ECEF}.Debug|Any CPU.ActiveCfg = Debug|Any CPU
		{18BDFC1A-383D-4AEE-B514-0A734120ECEF}.Debug|Any CPU.Build.0 = Debug|Any CPU
		{18BDFC1A-383D-4AEE-B514-0A734120ECEF}.Release|Any CPU.ActiveCfg = Release|Any CPU
		{18BDFC1A-383D-4AEE-B514-0A734120ECEF}.Release|Any CPU.Build.0 = Release|Any CPU
		{DA469647-CE5E-432C-A670-A5D82D471BC6}.Debug|Any CPU.ActiveCfg = Debug|Any CPU
		{DA469647-CE5E-432C-A670-A5D82D471BC6}.Debug|Any CPU.Build.0 = Debug|Any CPU
		{DA469647-CE5E-432C-A670-A5D82D471BC6}.Release|Any CPU.ActiveCfg = Release|Any CPU
		{DA469647-CE5E-432C-A670-A5D82D471BC6}.Release|Any CPU.Build.0 = Release|Any CPU
		{3938C30C-3A24-42BF-8FCE-8DA369F6A8C4}.Debug|Any CPU.ActiveCfg = Debug|Any CPU
		{3938C30C-3A24-42BF-8FCE-8DA369F6A8C4}.Debug|Any CPU.Build.0 = Debug|Any CPU
		{3938C30C-3A24-42BF-8FCE-8DA369F6A8C4}.Release|Any CPU.ActiveCfg = Release|Any CPU
		{3938C30C-3A24-42BF-8FCE-8DA369F6A8C4}.Release|Any CPU.Build.0 = Release|Any CPU
		{B188DE09-52F4-48F5-B21A-706C99073C3E}.Debug|Any CPU.ActiveCfg = Debug|Any CPU
		{B188DE09-52F4-48F5-B21A-706C99073C3E}.Debug|Any CPU.Build.0 = Debug|Any CPU
		{B188DE09-52F4-48F5-B21A-706C99073C3E}.Release|Any CPU.ActiveCfg = Release|Any CPU
		{B188DE09-52F4-48F5-B21A-706C99073C3E}.Release|Any CPU.Build.0 = Release|Any CPU
		{EA4A0309-3D4A-46B5-BB9B-C73ACA4848E6}.Debug|Any CPU.ActiveCfg = Debug|Any CPU
		{EA4A0309-3D4A-46B5-BB9B-C73ACA4848E6}.Debug|Any CPU.Build.0 = Debug|Any CPU
		{EA4A0309-3D4A-46B5-BB9B-C73ACA4848E6}.Release|Any CPU.ActiveCfg = Release|Any CPU
		{EA4A0309-3D4A-46B5-BB9B-C73ACA4848E6}.Release|Any CPU.Build.0 = Release|Any CPU
		{0BEECE66-00F8-4DB9-A30C-FC3A801391EF}.Debug|Any CPU.ActiveCfg = Debug|Any CPU
		{0BEECE66-00F8-4DB9-A30C-FC3A801391EF}.Debug|Any CPU.Build.0 = Debug|Any CPU
		{0BEECE66-00F8-4DB9-A30C-FC3A801391EF}.Release|Any CPU.ActiveCfg = Release|Any CPU
		{0BEECE66-00F8-4DB9-A30C-FC3A801391EF}.Release|Any CPU.Build.0 = Release|Any CPU
		{387E4E95-2028-498B-80B2-D129854D0FD1}.Debug|Any CPU.ActiveCfg = Debug|Any CPU
		{387E4E95-2028-498B-80B2-D129854D0FD1}.Debug|Any CPU.Build.0 = Debug|Any CPU
		{387E4E95-2028-498B-80B2-D129854D0FD1}.Release|Any CPU.ActiveCfg = Release|Any CPU
		{387E4E95-2028-498B-80B2-D129854D0FD1}.Release|Any CPU.Build.0 = Release|Any CPU
		{250120A2-EE9C-4981-8EDA-583859DD25ED}.Debug|Any CPU.ActiveCfg = Debug|Any CPU
		{250120A2-EE9C-4981-8EDA-583859DD25ED}.Debug|Any CPU.Build.0 = Debug|Any CPU
		{250120A2-EE9C-4981-8EDA-583859DD25ED}.Release|Any CPU.ActiveCfg = Release|Any CPU
		{250120A2-EE9C-4981-8EDA-583859DD25ED}.Release|Any CPU.Build.0 = Release|Any CPU
		{404BF226-7306-4B67-9FB9-271D4834DCE1}.Debug|Any CPU.ActiveCfg = Debug|Any CPU
		{404BF226-7306-4B67-9FB9-271D4834DCE1}.Debug|Any CPU.Build.0 = Debug|Any CPU
		{404BF226-7306-4B67-9FB9-271D4834DCE1}.Release|Any CPU.ActiveCfg = Release|Any CPU
		{404BF226-7306-4B67-9FB9-271D4834DCE1}.Release|Any CPU.Build.0 = Release|Any CPU
		{3B3BA0DE-D759-45A5-9E83-FE72F9768523}.Debug|Any CPU.ActiveCfg = Debug|Any CPU
		{3B3BA0DE-D759-45A5-9E83-FE72F9768523}.Debug|Any CPU.Build.0 = Debug|Any CPU
		{3B3BA0DE-D759-45A5-9E83-FE72F9768523}.Release|Any CPU.ActiveCfg = Release|Any CPU
		{3B3BA0DE-D759-45A5-9E83-FE72F9768523}.Release|Any CPU.Build.0 = Release|Any CPU
		{0CD8E74A-8B18-4D89-B038-B51920F15529}.Debug|Any CPU.ActiveCfg = Debug|Any CPU
		{0CD8E74A-8B18-4D89-B038-B51920F15529}.Debug|Any CPU.Build.0 = Debug|Any CPU
		{0CD8E74A-8B18-4D89-B038-B51920F15529}.Release|Any CPU.ActiveCfg = Release|Any CPU
		{0CD8E74A-8B18-4D89-B038-B51920F15529}.Release|Any CPU.Build.0 = Release|Any CPU
		{515C5B61-0AEE-4DED-8FE5-9BD9FF55EAC6}.Debug|Any CPU.ActiveCfg = Debug|Any CPU
		{515C5B61-0AEE-4DED-8FE5-9BD9FF55EAC6}.Debug|Any CPU.Build.0 = Debug|Any CPU
		{515C5B61-0AEE-4DED-8FE5-9BD9FF55EAC6}.Release|Any CPU.ActiveCfg = Release|Any CPU
		{515C5B61-0AEE-4DED-8FE5-9BD9FF55EAC6}.Release|Any CPU.Build.0 = Release|Any CPU
		{8C1D7D0C-4319-4594-B9CB-1AB6E27AF82C}.Debug|Any CPU.ActiveCfg = Debug|Any CPU
		{8C1D7D0C-4319-4594-B9CB-1AB6E27AF82C}.Debug|Any CPU.Build.0 = Debug|Any CPU
		{8C1D7D0C-4319-4594-B9CB-1AB6E27AF82C}.Release|Any CPU.ActiveCfg = Release|Any CPU
		{8C1D7D0C-4319-4594-B9CB-1AB6E27AF82C}.Release|Any CPU.Build.0 = Release|Any CPU
		{5E5F2126-0AD5-4A02-9B53-3060508C2F50}.Debug|Any CPU.ActiveCfg = Debug|Any CPU
		{5E5F2126-0AD5-4A02-9B53-3060508C2F50}.Debug|Any CPU.Build.0 = Debug|Any CPU
		{5E5F2126-0AD5-4A02-9B53-3060508C2F50}.Release|Any CPU.ActiveCfg = Release|Any CPU
		{5E5F2126-0AD5-4A02-9B53-3060508C2F50}.Release|Any CPU.Build.0 = Release|Any CPU
		{795D2330-CA8B-4A8F-8E12-70417CDA9B3E}.Debug|Any CPU.ActiveCfg = Debug|Any CPU
		{795D2330-CA8B-4A8F-8E12-70417CDA9B3E}.Debug|Any CPU.Build.0 = Debug|Any CPU
		{795D2330-CA8B-4A8F-8E12-70417CDA9B3E}.Release|Any CPU.ActiveCfg = Release|Any CPU
		{795D2330-CA8B-4A8F-8E12-70417CDA9B3E}.Release|Any CPU.Build.0 = Release|Any CPU
	EndGlobalSection
	GlobalSection(NestedProjects) = preSolution
		{157BCA55-9928-456E-9FF3-71EEBF5B89E4} = {6CE5F161-ACFE-41F6-8FD6-302B7AAEEA87}
		{0436D98C-BB93-4BD4-B8A1-15F02DA19D9A} = {6CE5F161-ACFE-41F6-8FD6-302B7AAEEA87}
		{87B7B92D-E147-490F-B648-D4B39003367E} = {6CE5F161-ACFE-41F6-8FD6-302B7AAEEA87}
		{5752B489-9A20-40FF-8935-D3DF039856A9} = {6CE5F161-ACFE-41F6-8FD6-302B7AAEEA87}
		{18BDFC1A-383D-4AEE-B514-0A734120ECEF} = {F8740A03-A6C4-490B-AC6D-16411C07E890}
		{E19D6C0A-FC85-4B94-9B00-A77256702B04} = {6480E6C2-BB75-4832-8680-36BC3BB0AE92}
		{DA469647-CE5E-432C-A670-A5D82D471BC6} = {BE66B19B-3994-4030-8F5E-B51C9B181D2D}
		{54EAB484-B4C9-47F0-BAB7-0DDC313DCBD5} = {B64FB69F-72EE-413C-BB81-28B77384CA8D}
		{3938C30C-3A24-42BF-8FCE-8DA369F6A8C4} = {F8740A03-A6C4-490B-AC6D-16411C07E890}
		{B188DE09-52F4-48F5-B21A-706C99073C3E} = {F8740A03-A6C4-490B-AC6D-16411C07E890}
		{EA4A0309-3D4A-46B5-BB9B-C73ACA4848E6} = {F8740A03-A6C4-490B-AC6D-16411C07E890}
		{0BEECE66-00F8-4DB9-A30C-FC3A801391EF} = {6480E6C2-BB75-4832-8680-36BC3BB0AE92}
		{387E4E95-2028-498B-80B2-D129854D0FD1} = {6480E6C2-BB75-4832-8680-36BC3BB0AE92}
		{250120A2-EE9C-4981-8EDA-583859DD25ED} = {6480E6C2-BB75-4832-8680-36BC3BB0AE92}
		{404BF226-7306-4B67-9FB9-271D4834DCE1} = {BE66B19B-3994-4030-8F5E-B51C9B181D2D}
		{3B3BA0DE-D759-45A5-9E83-FE72F9768523} = {BE66B19B-3994-4030-8F5E-B51C9B181D2D}
		{0CD8E74A-8B18-4D89-B038-B51920F15529} = {BE66B19B-3994-4030-8F5E-B51C9B181D2D}
		{515C5B61-0AEE-4DED-8FE5-9BD9FF55EAC6} = {B64FB69F-72EE-413C-BB81-28B77384CA8D}
		{8C1D7D0C-4319-4594-B9CB-1AB6E27AF82C} = {B64FB69F-72EE-413C-BB81-28B77384CA8D}
		{5E5F2126-0AD5-4A02-9B53-3060508C2F50} = {B64FB69F-72EE-413C-BB81-28B77384CA8D}
		{795D2330-CA8B-4A8F-8E12-70417CDA9B3E} = {4B129756-7853-42D7-8187-90A449151994}
	EndGlobalSection
EndGlobal
